# This file is autogenerated, do not edit; changes may be undone by the next 'dep ensure'.


[[projects]]
  name = "github.com/mitchellh/go-homedir"
  packages = ["."]
  revision = "756f7b183b7ab78acdbbee5c7f392838ed459dda"

[[projects]]
  name = "github.com/urfave/cli"
  packages = ["."]
  revision = "d86a009f5e13f83df65d0d6cee9a2e3f1445f0da"

[solve-meta]
  analyzer-name = "dep"
  analyzer-version = 1
  inputs-digest = "2b776b7cf0be5f7d0f1a79669c4e76eb8bdbcae53d0bba7991edc342054e7d43"
  solver-name = "gps-cdcl"
  solver-version = 1
